
Microsoft Visual Studio Solution File, Format Version 12.00
# Visual Studio Version 16
VisualStudioVersion = 16.0.30204.135
MinimumVisualStudioVersion = 10.0.40219.1
Project("{FAE04EC0-301F-11D3-BF4B-00C04F79EFBC}") = "NET12FinalN01446679", "NET12FinalN01446679\NET12FinalN01446679.csproj", "{4BDB9D6E-27CA-4424-99D0-74CF4B258FD3}"
EndProject
Global
	GlobalSection(SolutionConfigurationPlatforms) = preSolution
		Debug|Any CPU = Debug|Any CPU
		Release|Any CPU = Release|Any CPU
	EndGlobalSection
	GlobalSection(ProjectConfigurationPlatforms) = postSolution
		{4BDB9D6E-27CA-4424-99D0-74CF4B258FD3}.Debug|Any CPU.ActiveCfg = Debug|Any CPU
		{4BDB9D6E-27CA-4424-99D0-74CF4B258FD3}.Debug|Any CPU.Build.0 = Debug|Any CPU
		{4BDB9D6E-27CA-4424-99D0-74CF4B258FD3}.Release|Any CPU.ActiveCfg = Release|Any CPU
		{4BDB9D6E-27CA-4424-99D0-74CF4B258FD3}.Release|Any CPU.Build.0 = Release|Any CPU
	EndGlobalSection
	GlobalSection(SolutionProperties) = preSolution
		HideSolutionNode = FALSE
	EndGlobalSection
	GlobalSection(ExtensibilityGlobals) = postSolution
		SolutionGuid = {F409B340-5F69-414D-85ED-F4593DCF3B4C}
	EndGlobalSection
EndGlobal
